
Microsoft Visual Studio Solution File, Format Version 12.00
# Visual Studio 2013
VisualStudioVersion = 12.0.31101.0
MinimumVisualStudioVersion = 10.0.40219.1
Project("{FAE04EC0-301F-11D3-BF4B-00C04F79EFBC}") = "hubhacks2", "hubhacks2\hubhacks2.csproj", "{1BFAADA8-3338-4419-AC2B-0F60EDE80C5E}"
EndProject
Project("{FAE04EC0-301F-11D3-BF4B-00C04F79EFBC}") = "api", "..\api\api.csproj", "{402A9ACB-079D-46F7-9561-D93CF624A18B}"
EndProject
Global
	GlobalSection(SolutionConfigurationPlatforms) = preSolution
		Debug|Any CPU = Debug|Any CPU
		Release|Any CPU = Release|Any CPU
	EndGlobalSection
	GlobalSection(ProjectConfigurationPlatforms) = postSolution
		{1BFAADA8-3338-4419-AC2B-0F60EDE80C5E}.Debug|Any CPU.ActiveCfg = Debug|Any CPU
		{1BFAADA8-3338-4419-AC2B-0F60EDE80C5E}.Debug|Any CPU.Build.0 = Debug|Any CPU
		{1BFAADA8-3338-4419-AC2B-0F60EDE80C5E}.Release|Any CPU.ActiveCfg = Release|Any CPU
		{1BFAADA8-3338-4419-AC2B-0F60EDE80C5E}.Release|Any CPU.Build.0 = Release|Any CPU
		{402A9ACB-079D-46F7-9561-D93CF624A18B}.Debug|Any CPU.ActiveCfg = Debug|Any CPU
		{402A9ACB-079D-46F7-9561-D93CF624A18B}.Debug|Any CPU.Build.0 = Debug|Any CPU
		{402A9ACB-079D-46F7-9561-D93CF624A18B}.Release|Any CPU.ActiveCfg = Release|Any CPU
		{402A9ACB-079D-46F7-9561-D93CF624A18B}.Release|Any CPU.Build.0 = Release|Any CPU
	EndGlobalSection
	GlobalSection(SolutionProperties) = preSolution
		HideSolutionNode = FALSE
	EndGlobalSection
EndGlobal
